
Microsoft Visual Studio Solution File, Format Version 12.00
# Visual Studio Version 17
VisualStudioVersion = 17.5.33530.505
MinimumVisualStudioVersion = 10.0.40219.1
Project("{FAE04EC0-301F-11D3-BF4B-00C04F79EFBC}") = "EventConsolev2", "EventConsolev2.csproj", "{85BC7A8D-779F-4B2E-9EE1-AFB6368C7D1E}"
EndProject
Global
	GlobalSection(SolutionConfigurationPlatforms) = preSolution
		Debug|Any CPU = Debug|Any CPU
		Release|Any CPU = Release|Any CPU
	EndGlobalSection
	GlobalSection(ProjectConfigurationPlatforms) = postSolution
		{85BC7A8D-779F-4B2E-9EE1-AFB6368C7D1E}.Debug|Any CPU.ActiveCfg = Debug|Any CPU
		{85BC7A8D-779F-4B2E-9EE1-AFB6368C7D1E}.Debug|Any CPU.Build.0 = Debug|Any CPU
		{85BC7A8D-779F-4B2E-9EE1-AFB6368C7D1E}.Release|Any CPU.ActiveCfg = Release|Any CPU
		{85BC7A8D-779F-4B2E-9EE1-AFB6368C7D1E}.Release|Any CPU.Build.0 = Release|Any CPU
	EndGlobalSection
	GlobalSection(SolutionProperties) = preSolution
		HideSolutionNode = FALSE
	EndGlobalSection
	GlobalSection(ExtensibilityGlobals) = postSolution
		SolutionGuid = {33CBF96A-A5F0-46F7-B931-03F190D56578}
	EndGlobalSection
EndGlobal
